
Microsoft Visual Studio Solution File, Format Version 12.00
# Visual Studio 2012
Project("{FAE04EC0-301F-11D3-BF4B-00C04F79EFBC}") = "Log4Extension", "Log4Extension\Log4Extension.csproj", "{68E548A4-3DA6-4B80-894B-0A787E0337E4}"
EndProject
Project("{FAE04EC0-301F-11D3-BF4B-00C04F79EFBC}") = "Example", "Example\Example.csproj", "{62783EE2-255A-4DF1-85D6-C8A817F58262}"
EndProject
Global
	GlobalSection(SolutionConfigurationPlatforms) = preSolution
		Debug|Any CPU = Debug|Any CPU
		Release|Any CPU = Release|Any CPU
	EndGlobalSection
	GlobalSection(ProjectConfigurationPlatforms) = postSolution
		{68E548A4-3DA6-4B80-894B-0A787E0337E4}.Debug|Any CPU.ActiveCfg = Debug|Any CPU
		{68E548A4-3DA6-4B80-894B-0A787E0337E4}.Debug|Any CPU.Build.0 = Debug|Any CPU
		{68E548A4-3DA6-4B80-894B-0A787E0337E4}.Release|Any CPU.ActiveCfg = Release|Any CPU
		{68E548A4-3DA6-4B80-894B-0A787E0337E4}.Release|Any CPU.Build.0 = Release|Any CPU
		{62783EE2-255A-4DF1-85D6-C8A817F58262}.Debug|Any CPU.ActiveCfg = Debug|Any CPU
		{62783EE2-255A-4DF1-85D6-C8A817F58262}.Debug|Any CPU.Build.0 = Debug|Any CPU
		{62783EE2-255A-4DF1-85D6-C8A817F58262}.Release|Any CPU.ActiveCfg = Release|Any CPU
		{62783EE2-255A-4DF1-85D6-C8A817F58262}.Release|Any CPU.Build.0 = Release|Any CPU
	EndGlobalSection
EndGlobal
